
Microsoft Visual Studio Solution File, Format Version 12.00
# Visual Studio Version 16
VisualStudioVersion = 16.0.31624.102
MinimumVisualStudioVersion = 10.0.40219.1
Project("{2150E333-8FDC-42A3-9474-1A3956D46DE8}") = "src", "src", "{96996BAF-562B-4F51-B3D3-32AA33294F31}"
EndProject
Project("{9A19103F-16F7-4668-BE54-9A1E7A4F7556}") = "Application", "src\Application\Application.csproj", "{E4D0BBBE-F83A-40A4-AC9F-9BF37FB094F7}"
EndProject
Project("{9A19103F-16F7-4668-BE54-9A1E7A4F7556}") = "Persistence", "src\Persistence\Persistence.csproj", "{2054A340-F3B2-4D7B-829B-F8D72FE0D19A}"
EndProject
Project("{9A19103F-16F7-4668-BE54-9A1E7A4F7556}") = "Domain", "src\Domain\Domain.csproj", "{6B0BFF60-E445-4A6B-A6FB-66A0C6A006FA}"
EndProject
Project("{9A19103F-16F7-4668-BE54-9A1E7A4F7556}") = "Services", "src\Services\Services.csproj", "{FA4C570E-74C7-43AA-B17F-B0F0E16E9C3D}"
EndProject
Project("{9A19103F-16F7-4668-BE54-9A1E7A4F7556}") = "WebApi", "src\WebApi\WebApi.csproj", "{F2DE8EEF-430E-4E58-8899-3C0B86CEB5A4}"
EndProject
Project("{2150E333-8FDC-42A3-9474-1A3956D46DE8}") = "tests", "tests", "{8FFC91D6-5E0D-4445-8056-70C5EF2EE6D1}"
EndProject
Project("{9A19103F-16F7-4668-BE54-9A1E7A4F7556}") = "UnitTests", "tests\UnitTests\UnitTests.csproj", "{FE3B4FD2-D671-4A3A-B7F2-D297E8AD5CA9}"
EndProject
Global
	GlobalSection(SolutionConfigurationPlatforms) = preSolution
		Debug|Any CPU = Debug|Any CPU
		Release|Any CPU = Release|Any CPU
	EndGlobalSection
	GlobalSection(ProjectConfigurationPlatforms) = postSolution
		{E4D0BBBE-F83A-40A4-AC9F-9BF37FB094F7}.Debug|Any CPU.ActiveCfg = Debug|Any CPU
		{E4D0BBBE-F83A-40A4-AC9F-9BF37FB094F7}.Debug|Any CPU.Build.0 = Debug|Any CPU
		{E4D0BBBE-F83A-40A4-AC9F-9BF37FB094F7}.Release|Any CPU.ActiveCfg = Release|Any CPU
		{E4D0BBBE-F83A-40A4-AC9F-9BF37FB094F7}.Release|Any CPU.Build.0 = Release|Any CPU
		{2054A340-F3B2-4D7B-829B-F8D72FE0D19A}.Debug|Any CPU.ActiveCfg = Debug|Any CPU
		{2054A340-F3B2-4D7B-829B-F8D72FE0D19A}.Debug|Any CPU.Build.0 = Debug|Any CPU
		{2054A340-F3B2-4D7B-829B-F8D72FE0D19A}.Release|Any CPU.ActiveCfg = Release|Any CPU
		{2054A340-F3B2-4D7B-829B-F8D72FE0D19A}.Release|Any CPU.Build.0 = Release|Any CPU
		{6B0BFF60-E445-4A6B-A6FB-66A0C6A006FA}.Debug|Any CPU.ActiveCfg = Debug|Any CPU
		{6B0BFF60-E445-4A6B-A6FB-66A0C6A006FA}.Debug|Any CPU.Build.0 = Debug|Any CPU
		{6B0BFF60-E445-4A6B-A6FB-66A0C6A006FA}.Release|Any CPU.ActiveCfg = Release|Any CPU
		{6B0BFF60-E445-4A6B-A6FB-66A0C6A006FA}.Release|Any CPU.Build.0 = Release|Any CPU
		{FA4C570E-74C7-43AA-B17F-B0F0E16E9C3D}.Debug|Any CPU.ActiveCfg = Debug|Any CPU
		{FA4C570E-74C7-43AA-B17F-B0F0E16E9C3D}.Debug|Any CPU.Build.0 = Debug|Any CPU
		{FA4C570E-74C7-43AA-B17F-B0F0E16E9C3D}.Release|Any CPU.ActiveCfg = Release|Any CPU
		{FA4C570E-74C7-43AA-B17F-B0F0E16E9C3D}.Release|Any CPU.Build.0 = Release|Any CPU
		{F2DE8EEF-430E-4E58-8899-3C0B86CEB5A4}.Debug|Any CPU.ActiveCfg = Debug|Any CPU
		{F2DE8EEF-430E-4E58-8899-3C0B86CEB5A4}.Debug|Any CPU.Build.0 = Debug|Any CPU
		{F2DE8EEF-430E-4E58-8899-3C0B86CEB5A4}.Release|Any CPU.ActiveCfg = Release|Any CPU
		{F2DE8EEF-430E-4E58-8899-3C0B86CEB5A4}.Release|Any CPU.Build.0 = Release|Any CPU
		{FE3B4FD2-D671-4A3A-B7F2-D297E8AD5CA9}.Debug|Any CPU.ActiveCfg = Debug|Any CPU
		{FE3B4FD2-D671-4A3A-B7F2-D297E8AD5CA9}.Debug|Any CPU.Build.0 = Debug|Any CPU
		{FE3B4FD2-D671-4A3A-B7F2-D297E8AD5CA9}.Release|Any CPU.ActiveCfg = Release|Any CPU
		{FE3B4FD2-D671-4A3A-B7F2-D297E8AD5CA9}.Release|Any CPU.Build.0 = Release|Any CPU
	EndGlobalSection
	GlobalSection(SolutionProperties) = preSolution
		HideSolutionNode = FALSE
	EndGlobalSection
	GlobalSection(NestedProjects) = preSolution
		{E4D0BBBE-F83A-40A4-AC9F-9BF37FB094F7} = {96996BAF-562B-4F51-B3D3-32AA33294F31}
		{2054A340-F3B2-4D7B-829B-F8D72FE0D19A} = {96996BAF-562B-4F51-B3D3-32AA33294F31}
		{6B0BFF60-E445-4A6B-A6FB-66A0C6A006FA} = {96996BAF-562B-4F51-B3D3-32AA33294F31}
		{FA4C570E-74C7-43AA-B17F-B0F0E16E9C3D} = {96996BAF-562B-4F51-B3D3-32AA33294F31}
		{F2DE8EEF-430E-4E58-8899-3C0B86CEB5A4} = {96996BAF-562B-4F51-B3D3-32AA33294F31}
		{FE3B4FD2-D671-4A3A-B7F2-D297E8AD5CA9} = {8FFC91D6-5E0D-4445-8056-70C5EF2EE6D1}
	EndGlobalSection
	GlobalSection(ExtensibilityGlobals) = postSolution
		SolutionGuid = {4FB6FBDF-7FE2-4875-AF23-482C61689D14}
	EndGlobalSection
EndGlobal
